
Microsoft Visual Studio Solution File, Format Version 12.00
# Visual Studio 15
VisualStudioVersion = 15.0.27428.2015
MinimumVisualStudioVersion = 10.0.40219.1
Project("{8BC9CEB8-8B4A-11D0-8D11-00A0C91BC942}") = "Project4", "Project4\Project4.vcxproj", "{78EF7B69-2691-45A3-B813-919C9C52A33B}"
EndProject
Global
	GlobalSection(SolutionConfigurationPlatforms) = preSolution
		Debug|x64 = Debug|x64
		Debug|x86 = Debug|x86
		Release|x64 = Release|x64
		Release|x86 = Release|x86
	EndGlobalSection
	GlobalSection(ProjectConfigurationPlatforms) = postSolution
		{78EF7B69-2691-45A3-B813-919C9C52A33B}.Debug|x64.ActiveCfg = Debug|x64
		{78EF7B69-2691-45A3-B813-919C9C52A33B}.Debug|x64.Build.0 = Debug|x64
		{78EF7B69-2691-45A3-B813-919C9C52A33B}.Debug|x86.ActiveCfg = Debug|x64
		{78EF7B69-2691-45A3-B813-919C9C52A33B}.Debug|x86.Build.0 = Debug|x64
		{78EF7B69-2691-45A3-B813-919C9C52A33B}.Release|x64.ActiveCfg = Release|x64
		{78EF7B69-2691-45A3-B813-919C9C52A33B}.Release|x64.Build.0 = Release|x64
		{78EF7B69-2691-45A3-B813-919C9C52A33B}.Release|x86.ActiveCfg = Release|Win32
		{78EF7B69-2691-45A3-B813-919C9C52A33B}.Release|x86.Build.0 = Release|Win32
	EndGlobalSection
	GlobalSection(SolutionProperties) = preSolution
		HideSolutionNode = FALSE
	EndGlobalSection
	GlobalSection(ExtensibilityGlobals) = postSolution
		SolutionGuid = {AA085103-2115-4284-80D9-2C6BB1BF8B0B}
	EndGlobalSection
EndGlobal
